
Microsoft Visual Studio Solution File, Format Version 12.00
# Visual Studio Version 16
VisualStudioVersion = 16.0.29609.76
MinimumVisualStudioVersion = 10.0.40219.1
Project("{9A19103F-16F7-4668-BE54-9A1E7A4F7556}") = "Common", "Common\Common.csproj", "{CE47DED9-0E8C-43C7-8DDC-98028BD8EBFE}"
EndProject
Project("{2150E333-8FDC-42A3-9474-1A3956D46DE8}") = "ClassLibrary", "ClassLibrary", "{90D406A6-0457-41ED-8025-FA9DFF985F84}"
EndProject
Project("{9A19103F-16F7-4668-BE54-9A1E7A4F7556}") = "Admin", "Admin\Admin.csproj", "{1BE865CF-AA24-4C5E-B186-63B485E9CC45}"
EndProject
Project("{9A19103F-16F7-4668-BE54-9A1E7A4F7556}") = "DataAccess", "DataAccess\DataAccess.csproj", "{F6E17291-292F-4ABC-8FE8-8A3DC4DE8B9F}"
EndProject
Project("{9A19103F-16F7-4668-BE54-9A1E7A4F7556}") = "Service", "Service\Service.csproj", "{05508AC6-77B8-45DB-93A3-090D89124E71}"
EndProject
Project("{9A19103F-16F7-4668-BE54-9A1E7A4F7556}") = "Domain", "Domain\Domain.csproj", "{3CF86417-F61E-49A4-BF4D-7949FC70B6BA}"
EndProject
Global
	GlobalSection(SolutionConfigurationPlatforms) = preSolution
		Debug|Any CPU = Debug|Any CPU
		Release|Any CPU = Release|Any CPU
	EndGlobalSection
	GlobalSection(ProjectConfigurationPlatforms) = postSolution
		{CE47DED9-0E8C-43C7-8DDC-98028BD8EBFE}.Debug|Any CPU.ActiveCfg = Debug|Any CPU
		{CE47DED9-0E8C-43C7-8DDC-98028BD8EBFE}.Debug|Any CPU.Build.0 = Debug|Any CPU
		{CE47DED9-0E8C-43C7-8DDC-98028BD8EBFE}.Release|Any CPU.ActiveCfg = Release|Any CPU
		{CE47DED9-0E8C-43C7-8DDC-98028BD8EBFE}.Release|Any CPU.Build.0 = Release|Any CPU
		{1BE865CF-AA24-4C5E-B186-63B485E9CC45}.Debug|Any CPU.ActiveCfg = Debug|Any CPU
		{1BE865CF-AA24-4C5E-B186-63B485E9CC45}.Debug|Any CPU.Build.0 = Debug|Any CPU
		{1BE865CF-AA24-4C5E-B186-63B485E9CC45}.Release|Any CPU.ActiveCfg = Release|Any CPU
		{1BE865CF-AA24-4C5E-B186-63B485E9CC45}.Release|Any CPU.Build.0 = Release|Any CPU
		{F6E17291-292F-4ABC-8FE8-8A3DC4DE8B9F}.Debug|Any CPU.ActiveCfg = Debug|Any CPU
		{F6E17291-292F-4ABC-8FE8-8A3DC4DE8B9F}.Debug|Any CPU.Build.0 = Debug|Any CPU
		{F6E17291-292F-4ABC-8FE8-8A3DC4DE8B9F}.Release|Any CPU.ActiveCfg = Release|Any CPU
		{F6E17291-292F-4ABC-8FE8-8A3DC4DE8B9F}.Release|Any CPU.Build.0 = Release|Any CPU
		{05508AC6-77B8-45DB-93A3-090D89124E71}.Debug|Any CPU.ActiveCfg = Debug|Any CPU
		{05508AC6-77B8-45DB-93A3-090D89124E71}.Debug|Any CPU.Build.0 = Debug|Any CPU
		{05508AC6-77B8-45DB-93A3-090D89124E71}.Release|Any CPU.ActiveCfg = Release|Any CPU
		{05508AC6-77B8-45DB-93A3-090D89124E71}.Release|Any CPU.Build.0 = Release|Any CPU
		{3CF86417-F61E-49A4-BF4D-7949FC70B6BA}.Debug|Any CPU.ActiveCfg = Debug|Any CPU
		{3CF86417-F61E-49A4-BF4D-7949FC70B6BA}.Debug|Any CPU.Build.0 = Debug|Any CPU
		{3CF86417-F61E-49A4-BF4D-7949FC70B6BA}.Release|Any CPU.ActiveCfg = Release|Any CPU
		{3CF86417-F61E-49A4-BF4D-7949FC70B6BA}.Release|Any CPU.Build.0 = Release|Any CPU
	EndGlobalSection
	GlobalSection(SolutionProperties) = preSolution
		HideSolutionNode = FALSE
	EndGlobalSection
	GlobalSection(NestedProjects) = preSolution
		{CE47DED9-0E8C-43C7-8DDC-98028BD8EBFE} = {90D406A6-0457-41ED-8025-FA9DFF985F84}
		{F6E17291-292F-4ABC-8FE8-8A3DC4DE8B9F} = {90D406A6-0457-41ED-8025-FA9DFF985F84}
		{05508AC6-77B8-45DB-93A3-090D89124E71} = {90D406A6-0457-41ED-8025-FA9DFF985F84}
		{3CF86417-F61E-49A4-BF4D-7949FC70B6BA} = {90D406A6-0457-41ED-8025-FA9DFF985F84}
	EndGlobalSection
	GlobalSection(ExtensibilityGlobals) = postSolution
		SolutionGuid = {D59DBEF5-E425-4BB2-B1DE-581E103B1972}
	EndGlobalSection
EndGlobal
